
Microsoft Visual Studio Solution File, Format Version 12.00
# Visual Studio 2017
Project("{FAE04EC0-301F-11D3-BF4B-00C04F79EFBC}") = "VRShowcase", "VRShowcase.csproj", "{62D70CCB-C6D1-3731-3568-3A0CFABB82B5}"
EndProject
Project("{FAE04EC0-301F-11D3-BF4B-00C04F79EFBC}") = "VRShowcase.Plugins", "VRShowcase.Plugins.csproj", "{867733D0-8659-1153-9AA2-8303EC73268E}"
EndProject
Project("{FAE04EC0-301F-11D3-BF4B-00C04F79EFBC}") = "VRShowcase.Editor", "VRShowcase.Editor.csproj", "{1B4BF6F7-1F40-1256-30E3-9585019A5B52}"
EndProject
Global
	GlobalSection(SolutionConfigurationPlatforms) = preSolution
		Debug|Any CPU = Debug|Any CPU
		Release|Any CPU = Release|Any CPU
	EndGlobalSection
	GlobalSection(ProjectConfigurationPlatforms) = postSolution
		{62D70CCB-C6D1-3731-3568-3A0CFABB82B5}.Debug|Any CPU.ActiveCfg = Debug|Any CPU
		{62D70CCB-C6D1-3731-3568-3A0CFABB82B5}.Debug|Any CPU.Build.0 = Debug|Any CPU
		{62D70CCB-C6D1-3731-3568-3A0CFABB82B5}.Release|Any CPU.ActiveCfg = Release|Any CPU
		{62D70CCB-C6D1-3731-3568-3A0CFABB82B5}.Release|Any CPU.Build.0 = Release|Any CPU
		{867733D0-8659-1153-9AA2-8303EC73268E}.Debug|Any CPU.ActiveCfg = Debug|Any CPU
		{867733D0-8659-1153-9AA2-8303EC73268E}.Debug|Any CPU.Build.0 = Debug|Any CPU
		{867733D0-8659-1153-9AA2-8303EC73268E}.Release|Any CPU.ActiveCfg = Release|Any CPU
		{867733D0-8659-1153-9AA2-8303EC73268E}.Release|Any CPU.Build.0 = Release|Any CPU
		{1B4BF6F7-1F40-1256-30E3-9585019A5B52}.Debug|Any CPU.ActiveCfg = Debug|Any CPU
		{1B4BF6F7-1F40-1256-30E3-9585019A5B52}.Debug|Any CPU.Build.0 = Debug|Any CPU
		{1B4BF6F7-1F40-1256-30E3-9585019A5B52}.Release|Any CPU.ActiveCfg = Release|Any CPU
		{1B4BF6F7-1F40-1256-30E3-9585019A5B52}.Release|Any CPU.Build.0 = Release|Any CPU
	EndGlobalSection
	GlobalSection(SolutionProperties) = preSolution
		HideSolutionNode = FALSE
	EndGlobalSection
EndGlobal
